# This file is autogenerated, do not edit; changes may be undone by the next 'dep ensure'.


[[projects]]
  digest = "1:ed112122ed4a920d944cc99b9d00b0441c11685939c28462c719488d36fe29aa"
  name = "github.com/boltdb/bolt"
  packages = ["."]
  pruneopts = ""
  revision = "2f1ce7a837dcb8da3ec595b1dac9d0632f0f99e8"
  version = "v1.3.1"

[[projects]]
  branch = "master"
  digest = "1:88e6f63da67da1e17a2092c274a9ba6e64b81f49d1f3d02a7ab98b7e95b295ac"
  name = "github.com/gobs/args"
  packages = ["."]
  pruneopts = ""
  revision = "86002b4df18c1c4919c97bd7b7bd46e216fc69c3"

[[projects]]
  branch = "master"
  digest = "1:d7201d486e20473551dc61158bf19c21cc11c886c68365fe6d096ed896ab08f1"
  name = "github.com/gobs/httpclient"
  packages = ["."]
  pruneopts = ""
  revision = "5ea4cd976b24e34d20561a19f37255c4f8bd84c6"

[[projects]]
  branch = "master"
  digest = "1:4e4f57765d8d5e71df025ffe17a52ae2fadd82f1bfe4d11211ae8aa94261a519"
  name = "github.com/gobs/pretty"
  packages = ["."]
  pruneopts = ""
  revision = "09732c25a95b8e10e85177a3201cf4c7fe35a377"

[[projects]]
  branch = "master"
  digest = "1:a5234888edcf1a526f57c293c084d1bb28b2f5b34462318e0dfcec75015d409b"
  name = "github.com/gobs/simplejson"
  packages = ["."]
  pruneopts = ""
  revision = "a8c8b33742776e8de91e945bbdc38adae93cb0bb"

[[projects]]
  digest = "1:6e73003ecd35f4487a5e88270d3ca0a81bc80dc88053ac7e4dcfec5fba30d918"
  name = "github.com/gogo/protobuf"
  packages = ["proto"]
  pruneopts = ""
  revision = "636bf0302bc95575d69441b25a2603156ffdddf1"
  version = "v1.1.1"

[[projects]]
  digest = "1:09aa5dd1332b93c96bde671bafb053249dc813febf7d5ca84e8f382ba255d67d"
  name = "github.com/gorilla/websocket"
  packages = ["."]
  pruneopts = ""
  revision = "66b9c49e59c6c48f0ffce28c2d8b8a5678502c6d"
  version = "v1.4.0"

[[projects]]
  branch = "master"
  digest = "1:2130b5677cf02e726081ceeb39cb3e7601456da52b5dc1b844433b67ac37cb27"
  name = "github.com/gxed/GoEndian"
  packages = ["."]
  pruneopts = ""
  revision = "0f5c6873267e5abf306ffcdfcfa4bf77517ef4a7"

[[projects]]
  branch = "master"
  digest = "1:ce8331ad4e034bd1c7e38870495885e69cd66deb25d6c70debe08c87f20a178d"
  name = "github.com/gxed/eventfd"
  packages = ["."]
  pruneopts = ""
  revision = "80a92cca79a8041496ccc9dd773fcb52a57ec6f9"

[[projects]]
  digest = "1:7a660b1b399adee05c360578d80863fffd78bce9287aa66d534df83bc3b1473e"
  name = "github.com/ipfs/go-log"
  packages = [
    ".",
    "tracer",
    "tracer/wire",
    "writer",
  ]
  pruneopts = ""
  revision = "3eb0ba540197202c4e6c4a9e96fb11b4831c158b"
  version = "v1.5.6"

[[projects]]
  digest = "1:1ec4d6a04dd68b19a46506d9a4adcb79ef6ff582958326f85b9486031af288bf"
  name = "github.com/jbenet/go-reuseport"
  packages = ["."]
  pruneopts = ""
  revision = "562c3ba3003e80c9829992a6c1a760d51eb0792b"
  version = "v0.1.17"

[[projects]]
  digest = "1:1ec4d6a04dd68b19a46506d9a4adcb79ef6ff582958326f85b9486031af288bf"
  name = "github.com/libp2p/go-reuseport"
  packages = [
    "poll",
    "singlepoll",
  ]
  pruneopts = ""
  revision = "562c3ba3003e80c9829992a6c1a760d51eb0792b"
  version = "v0.1.17"

[[projects]]
  digest = "1:34f5390a4dc101c33ffd3e4015cf489ecd9720caa2da62795aff98c990ca058c"
  name = "github.com/libp2p/go-sockaddr"
  packages = ["net"]
  pruneopts = ""
  revision = "5c3ac7e71ec1941a0c2ed4271535d9427feb829c"
  version = "v1.0.3"

[[projects]]
  digest = "1:9ea83adf8e96d6304f394d40436f2eb44c1dc3250d223b74088cc253a6cd0a1c"
  name = "github.com/mattn/go-colorable"
  packages = ["."]
  pruneopts = ""
  revision = "167de6bfdfba052fa6b2d3664c8f5272e23c9072"
  version = "v0.0.9"

[[projects]]
  digest = "1:3140e04675a6a91d2a20ea9d10bdadf6072085502e6def6768361260aee4b967"
  name = "github.com/mattn/go-isatty"
  packages = ["."]
  pruneopts = ""
  revision = "6ca4dbf54d38eea1a992b3c722a76a5d1c4cb25c"
  version = "v0.0.4"

[[projects]]
  digest = "1:78fb99d6011c2ae6c72f3293a83951311147b12b06a5ffa43abf750c4fab6ac5"
  name = "github.com/opentracing/opentracing-go"
  packages = [
    ".",
    "ext",
    "log",
  ]
  pruneopts = ""
  revision = "1949ddbfd147afd4d964a9f00b24eb291e0e7c38"
  version = "v1.0.2"

[[projects]]
  branch = "master"
  digest = "1:5b902c5abbb7569388e5a054bdd66b9beb6fef0b6085fa67775f743a704aa2dc"
  name = "github.com/raff/godet"
  packages = ["."]
  pruneopts = ""
  revision = "e13026485643c8b870f701df17bf3cfbe41c2f37"

[[projects]]
  digest = "1:6ab228f39a195cb1dab3564a0f27dc24a52bb3a19fa58dd2967f1e7b2482d82b"
  name = "github.com/robfig/cron"
  packages = ["."]
  pruneopts = ""
  revision = "b41be1df696709bb6395fe435af20370037c0b4c"
  version = "v1.1"

[[projects]]
  digest = "1:3bfdafac43ceb125f775eb79b8ee8f1e976e227464434ffad40f956ac029e760"
  name = "github.com/technoweenie/multipartstreamer"
  packages = ["."]
  pruneopts = ""
  revision = "a90a01d73ae432e2611d178c18367fbaa13e0154"
  version = "v1.0.1"

[[projects]]
  branch = "master"
  digest = "1:9c2c6a83d79a33a1f306e98add1da5f45b57c4bb38b9e712dc15ae5a2b94242a"
  name = "github.com/whyrusleeping/go-logging"
  packages = ["."]
  pruneopts = ""
  revision = "0457bb6b88fc1973573aaf6b5145d8d3ae972390"

[[projects]]
  branch = "master"
  digest = "1:fbdbb6cf8db3278412c9425ad78b26bb8eb788181f26a3ffb3e4f216b314f86a"
  name = "golang.org/x/net"
  packages = ["context"]
  pruneopts = ""
  revision = "26e67e76b6c3f6ce91f7c52def5af501b4e0f3a2"

[[projects]]
  branch = "master"
  digest = "1:6f8f4a4fffbef9ef137261e37fd4da98981b978efeb79837434be05831bb87fc"
  name = "golang.org/x/sys"
  packages = [
    "unix",
    "windows",
  ]
  pruneopts = ""
  revision = "ee1b12c67af419cf5a9be3bdbeea7fc1c5f32f11"

[[projects]]
  digest = "1:1a95777771ac93e770a5c5d25066de5fb10d43a7a1cb1dced6727c447490f10f"
  name = "gopkg.in/telegram-bot-api.v4"
  packages = ["."]
  pruneopts = ""
  revision = "0e0af0c480ea98e982d5f4d45fb39577c6ab1e3e"
  version = "v4.6.2"

[solve-meta]
  analyzer-name = "dep"
  analyzer-version = 1
  input-imports = [
    "github.com/boltdb/bolt",
    "github.com/gobs/args",
    "github.com/raff/godet",
    "github.com/robfig/cron",
    "gopkg.in/telegram-bot-api.v4",
  ]
  solver-name = "gps-cdcl"
  solver-version = 1
